
Microsoft Visual Studio Solution File, Format Version 12.00
# Visual Studio Version 16
VisualStudioVersion = 16.0.31613.86
MinimumVisualStudioVersion = 10.0.40219.1
Project("{FAE04EC0-301F-11D3-BF4B-00C04F79EFBC}") = "Services", "Services\Services.csproj", "{23314738-FD43-458D-982F-3BB9E6F1992B}"
EndProject
Project("{FAE04EC0-301F-11D3-BF4B-00C04F79EFBC}") = "DataAccess", "DataAccess\DataAccess.csproj", "{AF959689-69DE-41FB-8FAC-F6FBF0E21C54}"
EndProject
Project("{FAE04EC0-301F-11D3-BF4B-00C04F79EFBC}") = "WebAPI", "WebAPI\WebAPI.csproj", "{1BC7B69F-428A-46F4-9C69-456D18CB2DC3}"
EndProject
Global
	GlobalSection(SolutionConfigurationPlatforms) = preSolution
		Debug|Any CPU = Debug|Any CPU
		Release|Any CPU = Release|Any CPU
	EndGlobalSection
	GlobalSection(ProjectConfigurationPlatforms) = postSolution
		{23314738-FD43-458D-982F-3BB9E6F1992B}.Debug|Any CPU.ActiveCfg = Debug|Any CPU
		{23314738-FD43-458D-982F-3BB9E6F1992B}.Debug|Any CPU.Build.0 = Debug|Any CPU
		{23314738-FD43-458D-982F-3BB9E6F1992B}.Release|Any CPU.ActiveCfg = Release|Any CPU
		{23314738-FD43-458D-982F-3BB9E6F1992B}.Release|Any CPU.Build.0 = Release|Any CPU
		{AF959689-69DE-41FB-8FAC-F6FBF0E21C54}.Debug|Any CPU.ActiveCfg = Debug|Any CPU
		{AF959689-69DE-41FB-8FAC-F6FBF0E21C54}.Debug|Any CPU.Build.0 = Debug|Any CPU
		{AF959689-69DE-41FB-8FAC-F6FBF0E21C54}.Release|Any CPU.ActiveCfg = Release|Any CPU
		{AF959689-69DE-41FB-8FAC-F6FBF0E21C54}.Release|Any CPU.Build.0 = Release|Any CPU
		{1BC7B69F-428A-46F4-9C69-456D18CB2DC3}.Debug|Any CPU.ActiveCfg = Debug|Any CPU
		{1BC7B69F-428A-46F4-9C69-456D18CB2DC3}.Debug|Any CPU.Build.0 = Debug|Any CPU
		{1BC7B69F-428A-46F4-9C69-456D18CB2DC3}.Release|Any CPU.ActiveCfg = Release|Any CPU
		{1BC7B69F-428A-46F4-9C69-456D18CB2DC3}.Release|Any CPU.Build.0 = Release|Any CPU
	EndGlobalSection
	GlobalSection(SolutionProperties) = preSolution
		HideSolutionNode = FALSE
	EndGlobalSection
	GlobalSection(ExtensibilityGlobals) = postSolution
		SolutionGuid = {E0E19943-F5B8-4D06-A0C7-11FB285B6000}
	EndGlobalSection
EndGlobal
